
Microsoft Visual Studio Solution File, Format Version 12.00
# Visual Studio 2012
Project("{FAE04EC0-301F-11D3-BF4B-00C04F79EFBC}") = "DevNext.Web", "DevNext.Web\DevNext.Web.csproj", "{B6477F1D-CA09-4407-B026-AAD6B19D7DB6}"
EndProject
Project("{2150E333-8FDC-42A3-9474-1A3956D46DE8}") = ".nuget", ".nuget", "{6C4C9DCE-3CC7-4942-B96D-80B5798B94DA}"
	ProjectSection(SolutionItems) = preProject
		.nuget\NuGet.Config = .nuget\NuGet.Config
		.nuget\NuGet.exe = .nuget\NuGet.exe
		.nuget\NuGet.targets = .nuget\NuGet.targets
	EndProjectSection
EndProject
Global
	GlobalSection(SolutionConfigurationPlatforms) = preSolution
		Debug|Any CPU = Debug|Any CPU
		Release|Any CPU = Release|Any CPU
	EndGlobalSection
	GlobalSection(ProjectConfigurationPlatforms) = postSolution
		{B6477F1D-CA09-4407-B026-AAD6B19D7DB6}.Debug|Any CPU.ActiveCfg = Debug|Any CPU
		{B6477F1D-CA09-4407-B026-AAD6B19D7DB6}.Debug|Any CPU.Build.0 = Debug|Any CPU
		{B6477F1D-CA09-4407-B026-AAD6B19D7DB6}.Release|Any CPU.ActiveCfg = Release|Any CPU
		{B6477F1D-CA09-4407-B026-AAD6B19D7DB6}.Release|Any CPU.Build.0 = Release|Any CPU
	EndGlobalSection
	GlobalSection(SolutionProperties) = preSolution
		HideSolutionNode = FALSE
	EndGlobalSection
EndGlobal
